// !$*UTF8*$!
{
	archiveVersion = 1;
	classes = {
	};
	objectVersion = 46;
	objects = {

/* Begin PBXBuildFile section */
		A29F562B1D891519004AAC9F /* AppDelegate.swift in Sources */ = {isa = PBXBuildFile; fileRef = A29F562A1D891519004AAC9F /* AppDelegate.swift */; };
		A29F562D1D891519004AAC9F /* ViewController.swift in Sources */ = {isa = PBXBuildFile; fileRef = A29F562C1D891519004AAC9F /* ViewController.swift */; };
		A29F56301D891519004AAC9F /* Main.storyboard in Resources */ = {isa = PBXBuildFile; fileRef = A29F562E1D891519004AAC9F /* Main.storyboard */; };
		A29F56321D891519004AAC9F /* Assets.xcassets in Resources */ = {isa = PBXBuildFile; fileRef = A29F56311D891519004AAC9F /* Assets.xcassets */; };
		A29F56351D891519004AAC9F /* LaunchScreen.storyboard in Resources */ = {isa = PBXBuildFile; fileRef = A29F56331D891519004AAC9F /* LaunchScreen.storyboard */; };
		A29F563E1D891532004AAC9F /* CoreLocation.framework in Frameworks */ = {isa = PBXBuildFile; fileRef = A29F563D1D891532004AAC9F /* CoreLocation.framework */; };
/* End PBXBuildFile section */

/* Begin PBXFileReference section */
		A29F56271D891519004AAC9F /* Finding the user location.app */ = {isa = PBXFileReference; explicitFileType = wrapper.application; includeInIndex = 0; path = "Finding the user location.app"; sourceTree = BUILT_PRODUCTS_DIR; };
		A29F562A1D891519004AAC9F /* AppDelegate.swift */ = {isa = PBXFileReference; lastKnownFileType = sourcecode.swift; path = AppDelegate.swift; sourceTree = "<group>"; };
		A29F562C1D891519004AAC9F /* ViewController.swift */ = {isa = PBXFileReference; lastKnownFileType = sourcecode.swift; path = ViewController.swift; sourceTree = "<group>"; };
		A29F562F1D891519004AAC9F /* Base */ = {isa = PBXFileReference; lastKnownFileType = file.storyboard; name = Base; path = Base.lproj/Main.storyboard; sourceTree = "<group>"; };
		A29F56311D891519004AAC9F /* Assets.xcassets */ = {isa = PBXFileReference; lastKnownFileType = folder.assetcatalog; path = Assets.xcassets; sourceTree = "<group>"; };
		A29F56341D891519004AAC9F /* Base */ = {isa = PBXFileReference; lastKnownFileType = file.storyboard; name = Base; path = Base.lproj/LaunchScreen.storyboard; sourceTree = "<group>"; };
		A29F56361D891519004AAC9F /* Info.plist */ = {isa = PBXFileReference; lastKnownFileType = text.plist.xml; path = Info.plist; sourceTree = "<group>"; };
		A29F563D1D891532004AAC9F /* CoreLocation.framework */ = {isa = PBXFileReference; lastKnownFileType = wrapper.framework; name = CoreLocation.framework; path = System/Library/Frameworks/CoreLocation.framework; sourceTree = SDKROOT; };
/* End PBXFileReference section */

/* Begin PBXFrameworksBuildPhase section */
		A29F56241D891519004AAC9F /* Frameworks */ = {
			isa = PBXFrameworksBuildPhase;
			buildActionMask = 2147483647;
			files = (
				A29F563E1D891532004AAC9F /* CoreLocation.framework in Frameworks */,
			);
			runOnlyForDeploymentPostprocessing = 0;
		};
/* End PBXFrameworksBuildPhase section */

/* Begin PBXGroup section */
		A29F561E1D891519004AAC9F = {
			isa = PBXGroup;
			children = (
				A29F56291D891519004AAC9F /* Finding the user location */,
				A29F56281D891519004AAC9F /* Products */,
				A29F563C1D891532004AAC9F /* Frameworks */,
			);
			sourceTree = "<group>";
		};
		A29F56281D891519004AAC9F /* Products */ = {
			isa = PBXGroup;
			children = (
				A29F56271D891519004AAC9F /* Finding the user location.app */,
			);
			name = Products;
			sourceTree = "<group>";
		};
		A29F56291D891519004AAC9F /* Finding the user location */ = {
			isa = PBXGroup;
			children = (
				A29F562A1D891519004AAC9F /* AppDelegate.swift */,
				A29F562C1D891519004AAC9F /* ViewController.swift */,
				A29F562E1D891519004AAC9F /* Main.storyboard */,
				A29F56311D891519004AAC9F /* Assets.xcassets */,
				A29F56331D891519004AAC9F /* LaunchScreen.storyboard */,
				A29F56361D891519004AAC9F /* Info.plist */,
			);
			path = "Finding the user location";
			sourceTree = "<group>";
		};
		A29F563C1D891532004AAC9F /* Frameworks */ = {
			isa = PBXGroup;
			children = (
				A29F563D1D891532004AAC9F /* CoreLocation.framework */,
			);
			name = Frameworks;
			sourceTree = "<group>";
		};
/* End PBXGroup section */

/* Begin PBXNativeTarget section */
		A29F56261D891519004AAC9F /* Finding the user location */ = {
			isa = PBXNativeTarget;
			buildConfigurationList = A29F56391D891519004AAC9F /* Build configuration list for PBXNativeTarget "Finding the user location" */;
			buildPhases = (
				A29F56231D891519004AAC9F /* Sources */,
				A29F56241D891519004AAC9F /* Frameworks */,
				A29F56251D891519004AAC9F /* Resources */,
			);
			buildRules = (
			);
			dependencies = (
			);
			name = "Finding the user location";
			productName = "Finding the user location";
			productReference = A29F56271D891519004AAC9F /* Finding the user location.app */;
			productType = "com.apple.product-type.application";
		};
/* End PBXNativeTarget section */

/* Begin PBXProject section */
		A29F561F1D891519004AAC9F /* Project object */ = {
			isa = PBXProject;
			attributes = {
				LastSwiftUpdateCheck = 0800;
				LastUpgradeCheck = 0800;
				ORGANIZATIONNAME = Nas;
				TargetAttributes = {
					A29F56261D891519004AAC9F = {
						CreatedOnToolsVersion = 8.0;
						ProvisioningStyle = Automatic;
					};
				};
			};
			buildConfigurationList = A29F56221D891519004AAC9F /* Build configuration list for PBXProject "Finding the user location" */;
			compatibilityVersion = "Xcode 3.2";
			developmentRegion = English;
			hasScannedForEncodings = 0;
			knownRegions = (
				en,
				Base,
			);
			mainGroup = A29F561E1D891519004AAC9F;
			productRefGroup = A29F56281D891519004AAC9F /* Products */;
			projectDirPath = "";
			projectRoot = "";
			targets = (
				A29F56261D891519004AAC9F /* Finding the user location */,
			);
		};
/* End PBXProject section */

/* Begin PBXResourcesBuildPhase section */
		A29F56251D891519004AAC9F /* Resources */ = {
			isa = PBXResourcesBuildPhase;
			buildActionMask = 2147483647;
			files = (
				A29F56351D891519004AAC9F /* LaunchScreen.storyboard in Resources */,
				A29F56321D891519004AAC9F /* Assets.xcassets in Resources */,
				A29F56301D891519004AAC9F /* Main.storyboard in Resources */,
			);
			runOnlyForDeploymentPostprocessing = 0;
		};
/* End PBXResourcesBuildPhase section */

/* Begin PBXSourcesBuildPhase section */
		A29F56231D891519004AAC9F /* Sources */ = {
			isa = PBXSourcesBuildPhase;
			buildActionMask = 2147483647;
			files = (
				A29F562D1D891519004AAC9F /* ViewController.swift in Sources */,
				A29F562B1D891519004AAC9F /* AppDelegate.swift in Sources */,
			);
			runOnlyForDeploymentPostprocessing = 0;
		};
/* End PBXSourcesBuildPhase section */

/* Begin PBXVariantGroup section */
		A29F562E1D891519004AAC9F /* Main.storyboard */ = {
			isa = PBXVariantGroup;
			children = (
				A29F562F1D891519004AAC9F /* Base */,
			);
			name = Main.storyboard;
			sourceTree = "<group>";
		};
		A29F56331D891519004AAC9F /* LaunchScreen.storyboard */ = {
			isa = PBXVariantGroup;
			children = (
				A29F56341D891519004AAC9F /* Base */,
			);
			name = LaunchScreen.storyboard;
			sourceTree = "<group>";
		};
/* End PBXVariantGroup section */

/* Begin XCBuildConfiguration section */
		A29F56371D891519004AAC9F /* Debug */ = {
			isa = XCBuildConfiguration;
			buildSettings = {
				ALWAYS_SEARCH_USER_PATHS = NO;
				CLANG_ANALYZER_NONNULL = YES;
				CLANG_CXX_LANGUAGE_STANDARD = "gnu++0x";
				CLANG_CXX_LIBRARY = "libc++";
				CLANG_ENABLE_MODULES = YES;
				CLANG_ENABLE_OBJC_ARC = YES;
				CLANG_WARN_BOOL_CONVERSION = YES;
				CLANG_WARN_CONSTANT_CONVERSION = YES;
				CLANG_WARN_DIRECT_OBJC_ISA_USAGE = YES_ERROR;
				CLANG_WARN_DOCUMENTATION_COMMENTS = YES;
				CLANG_WARN_EMPTY_BODY = YES;
				CLANG_WARN_ENUM_CONVERSION = YES;
				CLANG_WARN_INFINITE_RECURSION = YES;
				CLANG_WARN_INT_CONVERSION = YES;
				CLANG_WARN_OBJC_ROOT_CLASS = YES_ERROR;
				CLANG_WARN_SUSPICIOUS_MOVES = YES;
				CLANG_WARN_UNREACHABLE_CODE = YES;
				CLANG_WARN__DUPLICATE_METHOD_MATCH = YES;
				"CODE_SIGN_IDENTITY[sdk=iphoneos*]" = "iPhone Developer";
				COPY_PHASE_STRIP = NO;
				DEBUG_INFORMATION_FORMAT = dwarf;
				ENABLE_STRICT_OBJC_MSGSEND = YES;
				ENABLE_TESTABILITY = YES;
				GCC_C_LANGUAGE_STANDARD = gnu99;
				GCC_DYNAMIC_NO_PIC = NO;
				GCC_NO_COMMON_BLOCKS = YES;
				GCC_OPTIMIZATION_LEVEL = 0;
				GCC_PREPROCESSOR_DEFINITIONS = (
					"DEBUG=1",
					"$(inherited)",
				);
				GCC_WARN_64_TO_32_BIT_CONVERSION = YES;
				GCC_WARN_ABOUT_RETURN_TYPE = YES_ERROR;
				GCC_WARN_UNDECLARED_SELECTOR = YES;
				GCC_WARN_UNINITIALIZED_AUTOS = YES_AGGRESSIVE;
				GCC_WARN_UNUSED_FUNCTION = YES;
				GCC_WARN_UNUSED_VARIABLE = YES;
				IPHONEOS_DEPLOYMENT_TARGET = 10.0;
				MTL_ENABLE_DEBUG_INFO = YES;
				ONLY_ACTIVE_ARCH = YES;
				SDKROOT = iphoneos;
				SWIFT_ACTIVE_COMPILATION_CONDITIONS = DEBUG;
				SWIFT_OPTIMIZATION_LEVEL = "-Onone";
			};
			name = Debug;
		};
		A29F56381D891519004AAC9F /* Release */ = {
			isa = XCBuildConfiguration;
			buildSettings = {
				ALWAYS_SEARCH_USER_PATHS = NO;
				CLANG_ANALYZER_NONNULL = YES;
				CLANG_CXX_LANGUAGE_STANDARD = "gnu++0x";
				CLANG_CXX_LIBRARY = "libc++";
				CLANG_ENABLE_MODULES = YES;
				CLANG_ENABLE_OBJC_ARC = YES;
				CLANG_WARN_BOOL_CONVERSION = YES;
				CLANG_WARN_CONSTANT_CONVERSION = YES;
				CLANG_WARN_DIRECT_OBJC_ISA_USAGE = YES_ERROR;
				CLANG_WARN_DOCUMENTATION_COMMENTS = YES;
				CLANG_WARN_EMPTY_BODY = YES;
				CLANG_WARN_ENUM_CONVERSION = YES;
				CLANG_WARN_INFINITE_RECURSION = YES;
				CLANG_WARN_INT_CONVERSION = YES;
				CLANG_WARN_OBJC_ROOT_CLASS = YES_ERROR;
				CLANG_WARN_SUSPICIOUS_MOVES = YES;
				CLANG_WARN_UNREACHABLE_CODE = YES;
				CLANG_WARN__DUPLICATE_METHOD_MATCH = YES;
				"CODE_SIGN_IDENTITY[sdk=iphoneos*]" = "iPhone Developer";
				COPY_PHASE_STRIP = NO;
				DEBUG_INFORMATION_FORMAT = "dwarf-with-dsym";
				ENABLE_NS_ASSERTIONS = NO;
				ENABLE_STRICT_OBJC_MSGSEND = YES;
				GCC_C_LANGUAGE_STANDARD = gnu99;
				GCC_NO_COMMON_BLOCKS = YES;
				GCC_WARN_64_TO_32_BIT_CONVERSION = YES;
				GCC_WARN_ABOUT_RETURN_TYPE = YES_ERROR;
				GCC_WARN_UNDECLARED_SELECTOR = YES;
				GCC_WARN_UNINITIALIZED_AUTOS = YES_AGGRESSIVE;
				GCC_WARN_UNUSED_FUNCTION = YES;
				GCC_WARN_UNUSED_VARIABLE = YES;
				IPHONEOS_DEPLOYMENT_TARGET = 10.0;
				MTL_ENABLE_DEBUG_INFO = NO;
				SDKROOT = iphoneos;
				SWIFT_OPTIMIZATION_LEVEL = "-Owholemodule";
				VALIDATE_PRODUCT = YES;
			};
			name = Release;
		};
		A29F563A1D891519004AAC9F /* Debug */ = {
			isa = XCBuildConfiguration;
			buildSettings = {
				ASSETCATALOG_COMPILER_APPICON_NAME = AppIcon;
				INFOPLIST_FILE = "Finding the user location/Info.plist";
				LD_RUNPATH_SEARCH_PATHS = "$(inherited) @executable_path/Frameworks";
				PRODUCT_BUNDLE_IDENTIFIER = "com.Nas.Finding-the-user-location";
				PRODUCT_NAME = "$(TARGET_NAME)";
				SWIFT_VERSION = 3.0;
			};
			name = Debug;
		};
		A29F563B1D891519004AAC9F /* Release */ = {
			isa = XCBuildConfiguration;
			buildSettings = {
				ASSETCATALOG_COMPILER_APPICON_NAME = AppIcon;
				INFOPLIST_FILE = "Finding the user location/Info.plist";
				LD_RUNPATH_SEARCH_PATHS = "$(inherited) @executable_path/Frameworks";
				PRODUCT_BUNDLE_IDENTIFIER = "com.Nas.Finding-the-user-location";
				PRODUCT_NAME = "$(TARGET_NAME)";
				SWIFT_VERSION = 3.0;
			};
			name = Release;
		};
/* End XCBuildConfiguration section */

/* Begin XCConfigurationList section */
		A29F56221D891519004AAC9F /* Build configuration list for PBXProject "Finding the user location" */ = {
			isa = XCConfigurationList;
			buildConfigurations = (
				A29F56371D891519004AAC9F /* Debug */,
				A29F56381D891519004AAC9F /* Release */,
			);
			defaultConfigurationIsVisible = 0;
			defaultConfigurationName = Release;
		};
		A29F56391D891519004AAC9F /* Build configuration list for PBXNativeTarget "Finding the user location" */ = {
			isa = XCConfigurationList;
			buildConfigurations = (
				A29F563A1D891519004AAC9F /* Debug */,
				A29F563B1D891519004AAC9F /* Release */,
			);
			defaultConfigurationIsVisible = 0;
		};
/* End XCConfigurationList section */
	};
	rootObject = A29F561F1D891519004AAC9F /* Project object */;
}
