// !$*UTF8*$!
{
	archiveVersion = 1;
	classes = {
	};
	objectVersion = 46;
	objects = {

/* Begin PBXBuildFile section */
		A21B64721D5BB59B00D5085C /* AppDelegate.swift in Sources */ = {isa = PBXBuildFile; fileRef = A21B64711D5BB59B00D5085C /* AppDelegate.swift */; };
		A21B64741D5BB59B00D5085C /* ViewController.swift in Sources */ = {isa = PBXBuildFile; fileRef = A21B64731D5BB59B00D5085C /* ViewController.swift */; };
		A21B64771D5BB59B00D5085C /* Main.storyboard in Resources */ = {isa = PBXBuildFile; fileRef = A21B64751D5BB59B00D5085C /* Main.storyboard */; };
		A21B64791D5BB59B00D5085C /* Assets.xcassets in Resources */ = {isa = PBXBuildFile; fileRef = A21B64781D5BB59B00D5085C /* Assets.xcassets */; };
		A21B647C1D5BB59B00D5085C /* LaunchScreen.storyboard in Resources */ = {isa = PBXBuildFile; fileRef = A21B647A1D5BB59B00D5085C /* LaunchScreen.storyboard */; };
		A21B64841D5BB6AC00D5085C /* cat.jpg in Resources */ = {isa = PBXBuildFile; fileRef = A21B64831D5BB6AC00D5085C /* cat.jpg */; };
/* End PBXBuildFile section */

/* Begin PBXFileReference section */
		A21B646E1D5BB59B00D5085C /* cat years.app */ = {isa = PBXFileReference; explicitFileType = wrapper.application; includeInIndex = 0; path = "cat years.app"; sourceTree = BUILT_PRODUCTS_DIR; };
		A21B64711D5BB59B00D5085C /* AppDelegate.swift */ = {isa = PBXFileReference; lastKnownFileType = sourcecode.swift; path = AppDelegate.swift; sourceTree = "<group>"; };
		A21B64731D5BB59B00D5085C /* ViewController.swift */ = {isa = PBXFileReference; lastKnownFileType = sourcecode.swift; path = ViewController.swift; sourceTree = "<group>"; };
		A21B64761D5BB59B00D5085C /* Base */ = {isa = PBXFileReference; lastKnownFileType = file.storyboard; name = Base; path = Base.lproj/Main.storyboard; sourceTree = "<group>"; };
		A21B64781D5BB59B00D5085C /* Assets.xcassets */ = {isa = PBXFileReference; lastKnownFileType = folder.assetcatalog; path = Assets.xcassets; sourceTree = "<group>"; };
		A21B647B1D5BB59B00D5085C /* Base */ = {isa = PBXFileReference; lastKnownFileType = file.storyboard; name = Base; path = Base.lproj/LaunchScreen.storyboard; sourceTree = "<group>"; };
		A21B647D1D5BB59B00D5085C /* Info.plist */ = {isa = PBXFileReference; lastKnownFileType = text.plist.xml; path = Info.plist; sourceTree = "<group>"; };
		A21B64831D5BB6AC00D5085C /* cat.jpg */ = {isa = PBXFileReference; lastKnownFileType = image.jpeg; path = cat.jpg; sourceTree = "<group>"; };
/* End PBXFileReference section */

/* Begin PBXFrameworksBuildPhase section */
		A21B646B1D5BB59B00D5085C /* Frameworks */ = {
			isa = PBXFrameworksBuildPhase;
			buildActionMask = 2147483647;
			files = (
			);
			runOnlyForDeploymentPostprocessing = 0;
		};
/* End PBXFrameworksBuildPhase section */

/* Begin PBXGroup section */
		A21B64651D5BB59B00D5085C = {
			isa = PBXGroup;
			children = (
				A21B64701D5BB59B00D5085C /* cat years */,
				A21B646F1D5BB59B00D5085C /* Products */,
			);
			sourceTree = "<group>";
		};
		A21B646F1D5BB59B00D5085C /* Products */ = {
			isa = PBXGroup;
			children = (
				A21B646E1D5BB59B00D5085C /* cat years.app */,
			);
			name = Products;
			sourceTree = "<group>";
		};
		A21B64701D5BB59B00D5085C /* cat years */ = {
			isa = PBXGroup;
			children = (
				A21B64711D5BB59B00D5085C /* AppDelegate.swift */,
				A21B64731D5BB59B00D5085C /* ViewController.swift */,
				A21B64751D5BB59B00D5085C /* Main.storyboard */,
				A21B64831D5BB6AC00D5085C /* cat.jpg */,
				A21B64781D5BB59B00D5085C /* Assets.xcassets */,
				A21B647A1D5BB59B00D5085C /* LaunchScreen.storyboard */,
				A21B647D1D5BB59B00D5085C /* Info.plist */,
			);
			path = "cat years";
			sourceTree = "<group>";
		};
/* End PBXGroup section */

/* Begin PBXNativeTarget section */
		A21B646D1D5BB59B00D5085C /* cat years */ = {
			isa = PBXNativeTarget;
			buildConfigurationList = A21B64801D5BB59B00D5085C /* Build configuration list for PBXNativeTarget "cat years" */;
			buildPhases = (
				A21B646A1D5BB59B00D5085C /* Sources */,
				A21B646B1D5BB59B00D5085C /* Frameworks */,
				A21B646C1D5BB59B00D5085C /* Resources */,
			);
			buildRules = (
			);
			dependencies = (
			);
			name = "cat years";
			productName = "cat years";
			productReference = A21B646E1D5BB59B00D5085C /* cat years.app */;
			productType = "com.apple.product-type.application";
		};
/* End PBXNativeTarget section */

/* Begin PBXProject section */
		A21B64661D5BB59B00D5085C /* Project object */ = {
			isa = PBXProject;
			attributes = {
				LastSwiftUpdateCheck = 0800;
				LastUpgradeCheck = 0800;
				ORGANIZATIONNAME = Nas;
				TargetAttributes = {
					A21B646D1D5BB59B00D5085C = {
						CreatedOnToolsVersion = 8.0;
						ProvisioningStyle = Automatic;
					};
				};
			};
			buildConfigurationList = A21B64691D5BB59B00D5085C /* Build configuration list for PBXProject "cat years" */;
			compatibilityVersion = "Xcode 3.2";
			developmentRegion = English;
			hasScannedForEncodings = 0;
			knownRegions = (
				en,
				Base,
			);
			mainGroup = A21B64651D5BB59B00D5085C;
			productRefGroup = A21B646F1D5BB59B00D5085C /* Products */;
			projectDirPath = "";
			projectRoot = "";
			targets = (
				A21B646D1D5BB59B00D5085C /* cat years */,
			);
		};
/* End PBXProject section */

/* Begin PBXResourcesBuildPhase section */
		A21B646C1D5BB59B00D5085C /* Resources */ = {
			isa = PBXResourcesBuildPhase;
			buildActionMask = 2147483647;
			files = (
				A21B647C1D5BB59B00D5085C /* LaunchScreen.storyboard in Resources */,
				A21B64791D5BB59B00D5085C /* Assets.xcassets in Resources */,
				A21B64841D5BB6AC00D5085C /* cat.jpg in Resources */,
				A21B64771D5BB59B00D5085C /* Main.storyboard in Resources */,
			);
			runOnlyForDeploymentPostprocessing = 0;
		};
/* End PBXResourcesBuildPhase section */

/* Begin PBXSourcesBuildPhase section */
		A21B646A1D5BB59B00D5085C /* Sources */ = {
			isa = PBXSourcesBuildPhase;
			buildActionMask = 2147483647;
			files = (
				A21B64741D5BB59B00D5085C /* ViewController.swift in Sources */,
				A21B64721D5BB59B00D5085C /* AppDelegate.swift in Sources */,
			);
			runOnlyForDeploymentPostprocessing = 0;
		};
/* End PBXSourcesBuildPhase section */

/* Begin PBXVariantGroup section */
		A21B64751D5BB59B00D5085C /* Main.storyboard */ = {
			isa = PBXVariantGroup;
			children = (
				A21B64761D5BB59B00D5085C /* Base */,
			);
			name = Main.storyboard;
			sourceTree = "<group>";
		};
		A21B647A1D5BB59B00D5085C /* LaunchScreen.storyboard */ = {
			isa = PBXVariantGroup;
			children = (
				A21B647B1D5BB59B00D5085C /* Base */,
			);
			name = LaunchScreen.storyboard;
			sourceTree = "<group>";
		};
/* End PBXVariantGroup section */

/* Begin XCBuildConfiguration section */
		A21B647E1D5BB59B00D5085C /* Debug */ = {
			isa = XCBuildConfiguration;
			buildSettings = {
				ALWAYS_SEARCH_USER_PATHS = NO;
				CLANG_ANALYZER_NONNULL = YES;
				CLANG_CXX_LANGUAGE_STANDARD = "gnu++0x";
				CLANG_CXX_LIBRARY = "libc++";
				CLANG_ENABLE_MODULES = YES;
				CLANG_ENABLE_OBJC_ARC = YES;
				CLANG_WARN_BOOL_CONVERSION = YES;
				CLANG_WARN_CONSTANT_CONVERSION = YES;
				CLANG_WARN_DIRECT_OBJC_ISA_USAGE = YES_ERROR;
				CLANG_WARN_DOCUMENTATION_COMMENTS = YES;
				CLANG_WARN_EMPTY_BODY = YES;
				CLANG_WARN_ENUM_CONVERSION = YES;
				CLANG_WARN_INFINITE_RECURSION = YES;
				CLANG_WARN_INT_CONVERSION = YES;
				CLANG_WARN_OBJC_ROOT_CLASS = YES_ERROR;
				CLANG_WARN_SUSPICIOUS_MOVES = YES;
				CLANG_WARN_UNREACHABLE_CODE = YES;
				CLANG_WARN__DUPLICATE_METHOD_MATCH = YES;
				"CODE_SIGN_IDENTITY[sdk=iphoneos*]" = "iPhone Developer";
				COPY_PHASE_STRIP = NO;
				DEBUG_INFORMATION_FORMAT = dwarf;
				ENABLE_STRICT_OBJC_MSGSEND = YES;
				ENABLE_TESTABILITY = YES;
				GCC_C_LANGUAGE_STANDARD = gnu99;
				GCC_DYNAMIC_NO_PIC = NO;
				GCC_NO_COMMON_BLOCKS = YES;
				GCC_OPTIMIZATION_LEVEL = 0;
				GCC_PREPROCESSOR_DEFINITIONS = (
					"DEBUG=1",
					"$(inherited)",
				);
				GCC_WARN_64_TO_32_BIT_CONVERSION = YES;
				GCC_WARN_ABOUT_RETURN_TYPE = YES_ERROR;
				GCC_WARN_UNDECLARED_SELECTOR = YES;
				GCC_WARN_UNINITIALIZED_AUTOS = YES_AGGRESSIVE;
				GCC_WARN_UNUSED_FUNCTION = YES;
				GCC_WARN_UNUSED_VARIABLE = YES;
				IPHONEOS_DEPLOYMENT_TARGET = 10.0;
				MTL_ENABLE_DEBUG_INFO = YES;
				ONLY_ACTIVE_ARCH = YES;
				SDKROOT = iphoneos;
				SWIFT_ACTIVE_COMPILATION_CONDITIONS = DEBUG;
				SWIFT_OPTIMIZATION_LEVEL = "-Onone";
			};
			name = Debug;
		};
		A21B647F1D5BB59B00D5085C /* Release */ = {
			isa = XCBuildConfiguration;
			buildSettings = {
				ALWAYS_SEARCH_USER_PATHS = NO;
				CLANG_ANALYZER_NONNULL = YES;
				CLANG_CXX_LANGUAGE_STANDARD = "gnu++0x";
				CLANG_CXX_LIBRARY = "libc++";
				CLANG_ENABLE_MODULES = YES;
				CLANG_ENABLE_OBJC_ARC = YES;
				CLANG_WARN_BOOL_CONVERSION = YES;
				CLANG_WARN_CONSTANT_CONVERSION = YES;
				CLANG_WARN_DIRECT_OBJC_ISA_USAGE = YES_ERROR;
				CLANG_WARN_DOCUMENTATION_COMMENTS = YES;
				CLANG_WARN_EMPTY_BODY = YES;
				CLANG_WARN_ENUM_CONVERSION = YES;
				CLANG_WARN_INFINITE_RECURSION = YES;
				CLANG_WARN_INT_CONVERSION = YES;
				CLANG_WARN_OBJC_ROOT_CLASS = YES_ERROR;
				CLANG_WARN_SUSPICIOUS_MOVES = YES;
				CLANG_WARN_UNREACHABLE_CODE = YES;
				CLANG_WARN__DUPLICATE_METHOD_MATCH = YES;
				"CODE_SIGN_IDENTITY[sdk=iphoneos*]" = "iPhone Developer";
				COPY_PHASE_STRIP = NO;
				DEBUG_INFORMATION_FORMAT = "dwarf-with-dsym";
				ENABLE_NS_ASSERTIONS = NO;
				ENABLE_STRICT_OBJC_MSGSEND = YES;
				GCC_C_LANGUAGE_STANDARD = gnu99;
				GCC_NO_COMMON_BLOCKS = YES;
				GCC_WARN_64_TO_32_BIT_CONVERSION = YES;
				GCC_WARN_ABOUT_RETURN_TYPE = YES_ERROR;
				GCC_WARN_UNDECLARED_SELECTOR = YES;
				GCC_WARN_UNINITIALIZED_AUTOS = YES_AGGRESSIVE;
				GCC_WARN_UNUSED_FUNCTION = YES;
				GCC_WARN_UNUSED_VARIABLE = YES;
				IPHONEOS_DEPLOYMENT_TARGET = 10.0;
				MTL_ENABLE_DEBUG_INFO = NO;
				SDKROOT = iphoneos;
				SWIFT_OPTIMIZATION_LEVEL = "-Owholemodule";
				VALIDATE_PRODUCT = YES;
			};
			name = Release;
		};
		A21B64811D5BB59B00D5085C /* Debug */ = {
			isa = XCBuildConfiguration;
			buildSettings = {
				ASSETCATALOG_COMPILER_APPICON_NAME = AppIcon;
				INFOPLIST_FILE = "cat years/Info.plist";
				LD_RUNPATH_SEARCH_PATHS = "$(inherited) @executable_path/Frameworks";
				PRODUCT_BUNDLE_IDENTIFIER = "com.Nas.cat-years";
				PRODUCT_NAME = "$(TARGET_NAME)";
				SWIFT_VERSION = 3.0;
			};
			name = Debug;
		};
		A21B64821D5BB59B00D5085C /* Release */ = {
			isa = XCBuildConfiguration;
			buildSettings = {
				ASSETCATALOG_COMPILER_APPICON_NAME = AppIcon;
				INFOPLIST_FILE = "cat years/Info.plist";
				LD_RUNPATH_SEARCH_PATHS = "$(inherited) @executable_path/Frameworks";
				PRODUCT_BUNDLE_IDENTIFIER = "com.Nas.cat-years";
				PRODUCT_NAME = "$(TARGET_NAME)";
				SWIFT_VERSION = 3.0;
			};
			name = Release;
		};
/* End XCBuildConfiguration section */

/* Begin XCConfigurationList section */
		A21B64691D5BB59B00D5085C /* Build configuration list for PBXProject "cat years" */ = {
			isa = XCConfigurationList;
			buildConfigurations = (
				A21B647E1D5BB59B00D5085C /* Debug */,
				A21B647F1D5BB59B00D5085C /* Release */,
			);
			defaultConfigurationIsVisible = 0;
			defaultConfigurationName = Release;
		};
		A21B64801D5BB59B00D5085C /* Build configuration list for PBXNativeTarget "cat years" */ = {
			isa = XCConfigurationList;
			buildConfigurations = (
				A21B64811D5BB59B00D5085C /* Debug */,
				A21B64821D5BB59B00D5085C /* Release */,
			);
			defaultConfigurationIsVisible = 0;
		};
/* End XCConfigurationList section */
	};
	rootObject = A21B64661D5BB59B00D5085C /* Project object */;
}
